PODS:
  - KIF (3.2.0):
    - KIF/XCTest (= 3.2.0)
  - KIF/XCTest (3.2.0)
  - MBProgressHUD (0.9.1)

DEPENDENCIES:
  - KIF (~> 3.2)
  - MBProgressHUD (~> 0.8)

SPEC CHECKSUMS:
  KIF: 958b7b47bf36c72711cb5c9260542a522a5892b1
  MBProgressHUD: c47f2c166c126cf2ce36498d80f33e754d4e93ad

COCOAPODS: 0.35.0
